
Microsoft Visual Studio Solution File, Format Version 12.00
# Visual Studio Version 16
VisualStudioVersion = 16.0.32126.315
MinimumVisualStudioVersion = 10.0.40219.1
Project("{FAE04EC0-301F-11D3-BF4B-00C04F79EFBC}") = "PBL_3", "PBL_3\PBL_3.csproj", "{35551C33-E275-4B92-944F-0E0FCD69CE7E}"
EndProject
Global
	GlobalSection(SolutionConfigurationPlatforms) = preSolution
		Debug|Any CPU = Debug|Any CPU
		Release|Any CPU = Release|Any CPU
	EndGlobalSection
	GlobalSection(ProjectConfigurationPlatforms) = postSolution
		{35551C33-E275-4B92-944F-0E0FCD69CE7E}.Debug|Any CPU.ActiveCfg = Debug|Any CPU
		{35551C33-E275-4B92-944F-0E0FCD69CE7E}.Debug|Any CPU.Build.0 = Debug|Any CPU
		{35551C33-E275-4B92-944F-0E0FCD69CE7E}.Release|Any CPU.ActiveCfg = Release|Any CPU
		{35551C33-E275-4B92-944F-0E0FCD69CE7E}.Release|Any CPU.Build.0 = Release|Any CPU
	EndGlobalSection
	GlobalSection(SolutionProperties) = preSolution
		HideSolutionNode = FALSE
	EndGlobalSection
	GlobalSection(ExtensibilityGlobals) = postSolution
		SolutionGuid = {07D16925-C951-483F-AA0E-702B4C1778BF}
	EndGlobalSection
EndGlobal
