
Microsoft Visual Studio Solution File, Format Version 12.00
# Visual Studio Version 16
VisualStudioVersion = 16.0.32126.315
MinimumVisualStudioVersion = 10.0.40219.1
Project("{FAE04EC0-301F-11D3-BF4B-00C04F79EFBC}") = "PBL3", "PBL3\PBL3.csproj", "{2775CDE4-4BCA-4E44-BDB8-725C65FAC48C}"
EndProject
Global
	GlobalSection(SolutionConfigurationPlatforms) = preSolution
		Debug|Any CPU = Debug|Any CPU
		Release|Any CPU = Release|Any CPU
	EndGlobalSection
	GlobalSection(ProjectConfigurationPlatforms) = postSolution
		{2775CDE4-4BCA-4E44-BDB8-725C65FAC48C}.Debug|Any CPU.ActiveCfg = Debug|Any CPU
		{2775CDE4-4BCA-4E44-BDB8-725C65FAC48C}.Debug|Any CPU.Build.0 = Debug|Any CPU
		{2775CDE4-4BCA-4E44-BDB8-725C65FAC48C}.Release|Any CPU.ActiveCfg = Release|Any CPU
		{2775CDE4-4BCA-4E44-BDB8-725C65FAC48C}.Release|Any CPU.Build.0 = Release|Any CPU
	EndGlobalSection
	GlobalSection(SolutionProperties) = preSolution
		HideSolutionNode = FALSE
	EndGlobalSection
	GlobalSection(ExtensibilityGlobals) = postSolution
		SolutionGuid = {5485577C-0E67-465C-A174-719A0C0B29FA}
	EndGlobalSection
EndGlobal
